// !$*UTF8*$!
{
	archiveVersion = 1;
	classes = {
	};
	objectVersion = 46;
	objects = {

/* Begin PBXBuildFile section */
		412BA5A516354C8E0036F19B /* SettingViewController.m in Sources */ = {isa = PBXBuildFile; fileRef = 412BA5A416354C8E0036F19B /* SettingViewController.m */; };
		4153E6FD15E3D1D100454564 /* UIKit.framework in Frameworks */ = {isa = PBXBuildFile; fileRef = 4153E6FC15E3D1D100454564 /* UIKit.framework */; };
		4153E6FF15E3D1D100454564 /* Foundation.framework in Frameworks */ = {isa = PBXBuildFile; fileRef = 4153E6FE15E3D1D100454564 /* Foundation.framework */; };
		4153E70115E3D1D100454564 /* CoreGraphics.framework in Frameworks */ = {isa = PBXBuildFile; fileRef = 4153E70015E3D1D100454564 /* CoreGraphics.framework */; };
		4153E70715E3D1D100454564 /* InfoPlist.strings in Resources */ = {isa = PBXBuildFile; fileRef = 4153E70515E3D1D100454564 /* InfoPlist.strings */; };
		4153E70915E3D1D100454564 /* main.m in Sources */ = {isa = PBXBuildFile; fileRef = 4153E70815E3D1D100454564 /* main.m */; };
		4153E70D15E3D1D100454564 /* AppDelegate.m in Sources */ = {isa = PBXBuildFile; fileRef = 4153E70C15E3D1D100454564 /* AppDelegate.m */; };
		4153E71015E3D1D100454564 /* MainStoryboard.storyboard in Resources */ = {isa = PBXBuildFile; fileRef = 4153E70E15E3D1D100454564 /* MainStoryboard.storyboard */; };
		41A0377015EB6A4600E12388 /* MainTabBarController.m in Sources */ = {isa = PBXBuildFile; fileRef = 41A0376F15EB6A4600E12388 /* MainTabBarController.m */; };
		41EF4D4B15ECF5AC009433DF /* HomeViewController.m in Sources */ = {isa = PBXBuildFile; fileRef = 41EF4D4A15ECF5AC009433DF /* HomeViewController.m */; };
		41EF4D4F15ECF5B7009433DF /* StoryViewController.m in Sources */ = {isa = PBXBuildFile; fileRef = 41EF4D4E15ECF5B7009433DF /* StoryViewController.m */; };
		41EF4D5215ECF5C3009433DF /* CheckInViewController.m in Sources */ = {isa = PBXBuildFile; fileRef = 41EF4D5115ECF5C3009433DF /* CheckInViewController.m */; };
/* End PBXBuildFile section */

/* Begin PBXFileReference section */
		412BA5A316354C8E0036F19B /* SettingViewController.h */ = {isa = PBXFileReference; fileEncoding = 4; lastKnownFileType = sourcecode.c.h; path = SettingViewController.h; sourceTree = "<group>"; };
		412BA5A416354C8E0036F19B /* SettingViewController.m */ = {isa = PBXFileReference; fileEncoding = 4; lastKnownFileType = sourcecode.c.objc; path = SettingViewController.m; sourceTree = "<group>"; };
		4153E6F815E3D1D100454564 /* cafejakco.app */ = {isa = PBXFileReference; explicitFileType = wrapper.application; includeInIndex = 0; path = cafejakco.app; sourceTree = BUILT_PRODUCTS_DIR; };
		4153E6FC15E3D1D100454564 /* UIKit.framework */ = {isa = PBXFileReference; lastKnownFileType = wrapper.framework; name = UIKit.framework; path = System/Library/Frameworks/UIKit.framework; sourceTree = SDKROOT; };
		4153E6FE15E3D1D100454564 /* Foundation.framework */ = {isa = PBXFileReference; lastKnownFileType = wrapper.framework; name = Foundation.framework; path = System/Library/Frameworks/Foundation.framework; sourceTree = SDKROOT; };
		4153E70015E3D1D100454564 /* CoreGraphics.framework */ = {isa = PBXFileReference; lastKnownFileType = wrapper.framework; name = CoreGraphics.framework; path = System/Library/Frameworks/CoreGraphics.framework; sourceTree = SDKROOT; };
		4153E70415E3D1D100454564 /* cafejakco-Info.plist */ = {isa = PBXFileReference; lastKnownFileType = text.plist.xml; path = "cafejakco-Info.plist"; sourceTree = "<group>"; };
		4153E70615E3D1D100454564 /* en */ = {isa = PBXFileReference; lastKnownFileType = text.plist.strings; name = en; path = en.lproj/InfoPlist.strings; sourceTree = "<group>"; };
		4153E70815E3D1D100454564 /* main.m */ = {isa = PBXFileReference; lastKnownFileType = sourcecode.c.objc; path = main.m; sourceTree = "<group>"; };
		4153E70A15E3D1D100454564 /* cafejakco-Prefix.pch */ = {isa = PBXFileReference; lastKnownFileType = sourcecode.c.h; path = "cafejakco-Prefix.pch"; sourceTree = "<group>"; };
		4153E70B15E3D1D100454564 /* AppDelegate.h */ = {isa = PBXFileReference; lastKnownFileType = sourcecode.c.h; path = AppDelegate.h; sourceTree = "<group>"; };
		4153E70C15E3D1D100454564 /* AppDelegate.m */ = {isa = PBXFileReference; lastKnownFileType = sourcecode.c.objc; path = AppDelegate.m; sourceTree = "<group>"; };
		4153E70F15E3D1D100454564 /* en */ = {isa = PBXFileReference; lastKnownFileType = file.storyboard; name = en; path = en.lproj/MainStoryboard.storyboard; sourceTree = "<group>"; };
		41A0376E15EB6A4600E12388 /* MainTabBarController.h */ = {isa = PBXFileReference; fileEncoding = 4; lastKnownFileType = sourcecode.c.h; name = MainTabBarController.h; path = ../MainTabBarController.h; sourceTree = "<group>"; };
		41A0376F15EB6A4600E12388 /* MainTabBarController.m */ = {isa = PBXFileReference; fileEncoding = 4; lastKnownFileType = sourcecode.c.objc; name = MainTabBarController.m; path = ../MainTabBarController.m; sourceTree = "<group>"; };
		41EF4D4915ECF5AC009433DF /* HomeViewController.h */ = {isa = PBXFileReference; fileEncoding = 4; lastKnownFileType = sourcecode.c.h; path = HomeViewController.h; sourceTree = "<group>"; };
		41EF4D4A15ECF5AC009433DF /* HomeViewController.m */ = {isa = PBXFileReference; fileEncoding = 4; lastKnownFileType = sourcecode.c.objc; path = HomeViewController.m; sourceTree = "<group>"; };
		41EF4D4D15ECF5B7009433DF /* StoryViewController.h */ = {isa = PBXFileReference; fileEncoding = 4; lastKnownFileType = sourcecode.c.h; path = StoryViewController.h; sourceTree = "<group>"; };
		41EF4D4E15ECF5B7009433DF /* StoryViewController.m */ = {isa = PBXFileReference; fileEncoding = 4; lastKnownFileType = sourcecode.c.objc; path = StoryViewController.m; sourceTree = "<group>"; };
		41EF4D5015ECF5C3009433DF /* CheckInViewController.h */ = {isa = PBXFileReference; fileEncoding = 4; lastKnownFileType = sourcecode.c.h; path = CheckInViewController.h; sourceTree = "<group>"; };
		41EF4D5115ECF5C3009433DF /* CheckInViewController.m */ = {isa = PBXFileReference; fileEncoding = 4; lastKnownFileType = sourcecode.c.objc; path = CheckInViewController.m; sourceTree = "<group>"; };
/* End PBXFileReference section */

/* Begin PBXFrameworksBuildPhase section */
		4153E6F515E3D1D100454564 /* Frameworks */ = {
			isa = PBXFrameworksBuildPhase;
			buildActionMask = 2147483647;
			files = (
				4153E6FD15E3D1D100454564 /* UIKit.framework in Frameworks */,
				4153E6FF15E3D1D100454564 /* Foundation.framework in Frameworks */,
				4153E70115E3D1D100454564 /* CoreGraphics.framework in Frameworks */,
			);
			runOnlyForDeploymentPostprocessing = 0;
		};
/* End PBXFrameworksBuildPhase section */

/* Begin PBXGroup section */
		4153E6ED15E3D1D100454564 = {
			isa = PBXGroup;
			children = (
				4153E70215E3D1D100454564 /* cafejakco */,
				4153E6FB15E3D1D100454564 /* Frameworks */,
				4153E6F915E3D1D100454564 /* Products */,
			);
			sourceTree = "<group>";
		};
		4153E6F915E3D1D100454564 /* Products */ = {
			isa = PBXGroup;
			children = (
				4153E6F815E3D1D100454564 /* cafejakco.app */,
			);
			name = Products;
			sourceTree = "<group>";
		};
		4153E6FB15E3D1D100454564 /* Frameworks */ = {
			isa = PBXGroup;
			children = (
				4153E6FC15E3D1D100454564 /* UIKit.framework */,
				4153E6FE15E3D1D100454564 /* Foundation.framework */,
				4153E70015E3D1D100454564 /* CoreGraphics.framework */,
			);
			name = Frameworks;
			sourceTree = "<group>";
		};
		4153E70215E3D1D100454564 /* cafejakco */ = {
			isa = PBXGroup;
			children = (
				4153E70B15E3D1D100454564 /* AppDelegate.h */,
				4153E70C15E3D1D100454564 /* AppDelegate.m */,
				4153E70E15E3D1D100454564 /* MainStoryboard.storyboard */,
				41A0376E15EB6A4600E12388 /* MainTabBarController.h */,
				41A0376F15EB6A4600E12388 /* MainTabBarController.m */,
				41EF4D5315ECF5DA009433DF /* Tab */,
				4153E70315E3D1D100454564 /* Supporting Files */,
			);
			path = cafejakco;
			sourceTree = "<group>";
		};
		4153E70315E3D1D100454564 /* Supporting Files */ = {
			isa = PBXGroup;
			children = (
				4153E70415E3D1D100454564 /* cafejakco-Info.plist */,
				4153E70515E3D1D100454564 /* InfoPlist.strings */,
				4153E70815E3D1D100454564 /* main.m */,
				4153E70A15E3D1D100454564 /* cafejakco-Prefix.pch */,
			);
			name = "Supporting Files";
			sourceTree = "<group>";
		};
		41EF4D5315ECF5DA009433DF /* Tab */ = {
			isa = PBXGroup;
			children = (
				41EF4D4915ECF5AC009433DF /* HomeViewController.h */,
				41EF4D4A15ECF5AC009433DF /* HomeViewController.m */,
				41EF4D4D15ECF5B7009433DF /* StoryViewController.h */,
				41EF4D4E15ECF5B7009433DF /* StoryViewController.m */,
				41EF4D5015ECF5C3009433DF /* CheckInViewController.h */,
				41EF4D5115ECF5C3009433DF /* CheckInViewController.m */,
				412BA5A316354C8E0036F19B /* SettingViewController.h */,
				412BA5A416354C8E0036F19B /* SettingViewController.m */,
			);
			name = Tab;
			sourceTree = "<group>";
		};
/* End PBXGroup section */

/* Begin PBXNativeTarget section */
		4153E6F715E3D1D100454564 /* cafejakco */ = {
			isa = PBXNativeTarget;
			buildConfigurationList = 4153E71615E3D1D100454564 /* Build configuration list for PBXNativeTarget "cafejakco" */;
			buildPhases = (
				4153E6F415E3D1D100454564 /* Sources */,
				4153E6F515E3D1D100454564 /* Frameworks */,
				4153E6F615E3D1D100454564 /* Resources */,
			);
			buildRules = (
			);
			dependencies = (
			);
			name = cafejakco;
			productName = cafejakco;
			productReference = 4153E6F815E3D1D100454564 /* cafejakco.app */;
			productType = "com.apple.product-type.application";
		};
/* End PBXNativeTarget section */

/* Begin PBXProject section */
		4153E6EF15E3D1D100454564 /* Project object */ = {
			isa = PBXProject;
			attributes = {
				LastUpgradeCheck = 0440;
				ORGANIZATIONNAME = doubleline;
			};
			buildConfigurationList = 4153E6F215E3D1D100454564 /* Build configuration list for PBXProject "cafejakco" */;
			compatibilityVersion = "Xcode 3.2";
			developmentRegion = English;
			hasScannedForEncodings = 0;
			knownRegions = (
				en,
			);
			mainGroup = 4153E6ED15E3D1D100454564;
			productRefGroup = 4153E6F915E3D1D100454564 /* Products */;
			projectDirPath = "";
			projectRoot = "";
			targets = (
				4153E6F715E3D1D100454564 /* cafejakco */,
			);
		};
/* End PBXProject section */

/* Begin PBXResourcesBuildPhase section */
		4153E6F615E3D1D100454564 /* Resources */ = {
			isa = PBXResourcesBuildPhase;
			buildActionMask = 2147483647;
			files = (
				4153E70715E3D1D100454564 /* InfoPlist.strings in Resources */,
				4153E71015E3D1D100454564 /* MainStoryboard.storyboard in Resources */,
			);
			runOnlyForDeploymentPostprocessing = 0;
		};
/* End PBXResourcesBuildPhase section */

/* Begin PBXSourcesBuildPhase section */
		4153E6F415E3D1D100454564 /* Sources */ = {
			isa = PBXSourcesBuildPhase;
			buildActionMask = 2147483647;
			files = (
				4153E70915E3D1D100454564 /* main.m in Sources */,
				4153E70D15E3D1D100454564 /* AppDelegate.m in Sources */,
				41A0377015EB6A4600E12388 /* MainTabBarController.m in Sources */,
				41EF4D4B15ECF5AC009433DF /* HomeViewController.m in Sources */,
				41EF4D4F15ECF5B7009433DF /* StoryViewController.m in Sources */,
				41EF4D5215ECF5C3009433DF /* CheckInViewController.m in Sources */,
				412BA5A516354C8E0036F19B /* SettingViewController.m in Sources */,
			);
			runOnlyForDeploymentPostprocessing = 0;
		};
/* End PBXSourcesBuildPhase section */

/* Begin PBXVariantGroup section */
		4153E70515E3D1D100454564 /* InfoPlist.strings */ = {
			isa = PBXVariantGroup;
			children = (
				4153E70615E3D1D100454564 /* en */,
			);
			name = InfoPlist.strings;
			sourceTree = "<group>";
		};
		4153E70E15E3D1D100454564 /* MainStoryboard.storyboard */ = {
			isa = PBXVariantGroup;
			children = (
				4153E70F15E3D1D100454564 /* en */,
			);
			name = MainStoryboard.storyboard;
			sourceTree = "<group>";
		};
/* End PBXVariantGroup section */

/* Begin XCBuildConfiguration section */
		4153E71415E3D1D100454564 /* Debug */ = {
			isa = XCBuildConfiguration;
			buildSettings = {
				ALWAYS_SEARCH_USER_PATHS = NO;
				ARCHS = "$(ARCHS_STANDARD_32_BIT)";
				CLANG_CXX_LANGUAGE_STANDARD = "gnu++0x";
				CLANG_ENABLE_OBJC_ARC = YES;
				CLANG_WARN__DUPLICATE_METHOD_MATCH = YES;
				"CODE_SIGN_IDENTITY[sdk=iphoneos*]" = "iPhone Developer";
				COPY_PHASE_STRIP = NO;
				GCC_C_LANGUAGE_STANDARD = gnu99;
				GCC_DYNAMIC_NO_PIC = NO;
				GCC_OPTIMIZATION_LEVEL = 0;
				GCC_PREPROCESSOR_DEFINITIONS = (
					"DEBUG=1",
					"$(inherited)",
				);
				GCC_SYMBOLS_PRIVATE_EXTERN = NO;
				GCC_VERSION = com.apple.compilers.llvm.clang.1_0;
				GCC_WARN_ABOUT_RETURN_TYPE = YES;
				GCC_WARN_UNINITIALIZED_AUTOS = YES;
				GCC_WARN_UNUSED_VARIABLE = YES;
				IPHONEOS_DEPLOYMENT_TARGET = 5.1;
				SDKROOT = iphoneos;
			};
			name = Debug;
		};
		4153E71515E3D1D100454564 /* Release */ = {
			isa = XCBuildConfiguration;
			buildSettings = {
				ALWAYS_SEARCH_USER_PATHS = NO;
				ARCHS = "$(ARCHS_STANDARD_32_BIT)";
				CLANG_CXX_LANGUAGE_STANDARD = "gnu++0x";
				CLANG_ENABLE_OBJC_ARC = YES;
				CLANG_WARN__DUPLICATE_METHOD_MATCH = YES;
				"CODE_SIGN_IDENTITY[sdk=iphoneos*]" = "iPhone Developer";
				COPY_PHASE_STRIP = YES;
				GCC_C_LANGUAGE_STANDARD = gnu99;
				GCC_VERSION = com.apple.compilers.llvm.clang.1_0;
				GCC_WARN_ABOUT_RETURN_TYPE = YES;
				GCC_WARN_UNINITIALIZED_AUTOS = YES;
				GCC_WARN_UNUSED_VARIABLE = YES;
				IPHONEOS_DEPLOYMENT_TARGET = 5.1;
				OTHER_CFLAGS = "-DNS_BLOCK_ASSERTIONS=1";
				SDKROOT = iphoneos;
				VALIDATE_PRODUCT = YES;
			};
			name = Release;
		};
		4153E71715E3D1D100454564 /* Debug */ = {
			isa = XCBuildConfiguration;
			buildSettings = {
				GCC_PRECOMPILE_PREFIX_HEADER = YES;
				GCC_PREFIX_HEADER = "cafejakco/cafejakco-Prefix.pch";
				INFOPLIST_FILE = "cafejakco/cafejakco-Info.plist";
				PRODUCT_NAME = "$(TARGET_NAME)";
				WRAPPER_EXTENSION = app;
			};
			name = Debug;
		};
		4153E71815E3D1D100454564 /* Release */ = {
			isa = XCBuildConfiguration;
			buildSettings = {
				GCC_PRECOMPILE_PREFIX_HEADER = YES;
				GCC_PREFIX_HEADER = "cafejakco/cafejakco-Prefix.pch";
				INFOPLIST_FILE = "cafejakco/cafejakco-Info.plist";
				PRODUCT_NAME = "$(TARGET_NAME)";
				WRAPPER_EXTENSION = app;
			};
			name = Release;
		};
/* End XCBuildConfiguration section */

/* Begin XCConfigurationList section */
		4153E6F215E3D1D100454564 /* Build configuration list for PBXProject "cafejakco" */ = {
			isa = XCConfigurationList;
			buildConfigurations = (
				4153E71415E3D1D100454564 /* Debug */,
				4153E71515E3D1D100454564 /* Release */,
			);
			defaultConfigurationIsVisible = 0;
			defaultConfigurationName = Release;
		};
		4153E71615E3D1D100454564 /* Build configuration list for PBXNativeTarget "cafejakco" */ = {
			isa = XCConfigurationList;
			buildConfigurations = (
				4153E71715E3D1D100454564 /* Debug */,
				4153E71815E3D1D100454564 /* Release */,
			);
			defaultConfigurationIsVisible = 0;
			defaultConfigurationName = Release;
		};
/* End XCConfigurationList section */
	};
	rootObject = 4153E6EF15E3D1D100454564 /* Project object */;
}
